// !$*UTF8*$!
{
	archiveVersion = 1;
	classes = {
	};
	objectVersion = 46;
	objects = {

/* Begin PBXBuildFile section */
		2C4FB0461D6B76EF00B01E8D /* Bool+Extension.swift in Sources */ = {isa = PBXBuildFile; fileRef = 2C4FB0451D6B76EF00B01E8D /* Bool+Extension.swift */; };
		2C83FE121D4F7BB900DB1F86 /* AppDelegate.swift in Sources */ = {isa = PBXBuildFile; fileRef = 2C83FE111D4F7BB900DB1F86 /* AppDelegate.swift */; };
		2C83FE171D4F7BB900DB1F86 /* Main.storyboard in Resources */ = {isa = PBXBuildFile; fileRef = 2C83FE151D4F7BB900DB1F86 /* Main.storyboard */; };
		2C83FE191D4F7BB900DB1F86 /* Assets.xcassets in Resources */ = {isa = PBXBuildFile; fileRef = 2C83FE181D4F7BB900DB1F86 /* Assets.xcassets */; };
		2C83FE1C1D4F7BB900DB1F86 /* LaunchScreen.storyboard in Resources */ = {isa = PBXBuildFile; fileRef = 2C83FE1A1D4F7BB900DB1F86 /* LaunchScreen.storyboard */; };
		2C83FE271D4F7BB900DB1F86 /* DiscountAsciiWerehouseTests.swift in Sources */ = {isa = PBXBuildFile; fileRef = 2C83FE261D4F7BB900DB1F86 /* DiscountAsciiWerehouseTests.swift */; };
		2C83FE321D4F7BB900DB1F86 /* DiscountAsciiWerehouseUITests.swift in Sources */ = {isa = PBXBuildFile; fileRef = 2C83FE311D4F7BB900DB1F86 /* DiscountAsciiWerehouseUITests.swift */; };
		2C83FE421D4F825300DB1F86 /* ASCProductsGridViewController.swift in Sources */ = {isa = PBXBuildFile; fileRef = 2C83FE411D4F825300DB1F86 /* ASCProductsGridViewController.swift */; };
		2C83FE461D4F84A400DB1F86 /* ASCProductsCollectionViewCell.swift in Sources */ = {isa = PBXBuildFile; fileRef = 2C83FE441D4F84A400DB1F86 /* ASCProductsCollectionViewCell.swift */; };
		2C83FE471D4F84A400DB1F86 /* ASCProductsCollectionViewCell.xib in Resources */ = {isa = PBXBuildFile; fileRef = 2C83FE451D4F84A400DB1F86 /* ASCProductsCollectionViewCell.xib */; };
		2C83FE4E1D4F8E0C00DB1F86 /* UIColor+Extension.swift in Sources */ = {isa = PBXBuildFile; fileRef = 2C83FE4D1D4F8E0C00DB1F86 /* UIColor+Extension.swift */; };
		2C83FE501D4F94D600DB1F86 /* ASCProduct.swift in Sources */ = {isa = PBXBuildFile; fileRef = 2C83FE4F1D4F94D600DB1F86 /* ASCProduct.swift */; };
		2C83FE521D4F966D00DB1F86 /* Wrappable.swift in Sources */ = {isa = PBXBuildFile; fileRef = 2C83FE511D4F966D00DB1F86 /* Wrappable.swift */; };
		2C83FE551D4F9EE000DB1F86 /* ASCProductsViewModel.swift in Sources */ = {isa = PBXBuildFile; fileRef = 2C83FE541D4F9EE000DB1F86 /* ASCProductsViewModel.swift */; };
		2C83FE571D4FA27800DB1F86 /* ASCAPICommunicationModel.swift in Sources */ = {isa = PBXBuildFile; fileRef = 2C83FE561D4FA27800DB1F86 /* ASCAPICommunicationModel.swift */; };
		2C83FE591D50142D00DB1F86 /* Error.swift in Sources */ = {isa = PBXBuildFile; fileRef = 2C83FE581D50142D00DB1F86 /* Error.swift */; };
		2C83FE5B1D510BED00DB1F86 /* NDJSONParser.swift in Sources */ = {isa = PBXBuildFile; fileRef = 2C83FE5A1D510BED00DB1F86 /* NDJSONParser.swift */; };
		2C83FE5D1D5118E100DB1F86 /* ASCServerSettings.swift in Sources */ = {isa = PBXBuildFile; fileRef = 2C83FE5C1D5118E100DB1F86 /* ASCServerSettings.swift */; };
		2C83FE5F1D51191D00DB1F86 /* ASCUrlBuilder.swift in Sources */ = {isa = PBXBuildFile; fileRef = 2C83FE5E1D51191D00DB1F86 /* ASCUrlBuilder.swift */; };
		2C83FE621D522AA000DB1F86 /* ASCProductsAPI.swift in Sources */ = {isa = PBXBuildFile; fileRef = 2C83FE611D522AA000DB1F86 /* ASCProductsAPI.swift */; };
		2C83FE661D52557E00DB1F86 /* ASCLoadingCollectionViewCell.swift in Sources */ = {isa = PBXBuildFile; fileRef = 2C83FE641D52557E00DB1F86 /* ASCLoadingCollectionViewCell.swift */; };
		2C83FE671D52557E00DB1F86 /* ASCLoadingCollectionViewCell.xib in Resources */ = {isa = PBXBuildFile; fileRef = 2C83FE651D52557E00DB1F86 /* ASCLoadingCollectionViewCell.xib */; };
		2C83FE771D5289CF00DB1F86 /* ASCProductDetailViewController.swift in Sources */ = {isa = PBXBuildFile; fileRef = 2C83FE761D5289CF00DB1F86 /* ASCProductDetailViewController.swift */; };
		2C83FE791D52954C00DB1F86 /* UIFont+Extension.swift in Sources */ = {isa = PBXBuildFile; fileRef = 2C83FE781D52954C00DB1F86 /* UIFont+Extension.swift */; };
		2C83FE7D1D54C70900DB1F86 /* ASCProductsFetchingController.swift in Sources */ = {isa = PBXBuildFile; fileRef = 2C83FE7C1D54C70900DB1F86 /* ASCProductsFetchingController.swift */; };
		2CA7C44B1D661A7C0033C58B /* CacheDescriptor.swift in Sources */ = {isa = PBXBuildFile; fileRef = 2CA7C44A1D661A7C0033C58B /* CacheDescriptor.swift */; };
		2CECA81B1D5CF32300365570 /* String+Extension.swift in Sources */ = {isa = PBXBuildFile; fileRef = 2CECA81A1D5CF32300365570 /* String+Extension.swift */; };
		2CECA8211D62298A00365570 /* CustomCache.swift in Sources */ = {isa = PBXBuildFile; fileRef = 2CECA8201D62298A00365570 /* CustomCache.swift */; };
		2CECA8271D62332600365570 /* CacheModel.xcdatamodeld in Sources */ = {isa = PBXBuildFile; fileRef = 2CECA8251D62332600365570 /* CacheModel.xcdatamodeld */; };
		2CECA8291D62347300365570 /* CoreData.framework in Frameworks */ = {isa = PBXBuildFile; fileRef = 2CECA8281D62347300365570 /* CoreData.framework */; };
		2CECA8341D6244CB00365570 /* NSData+Extension.swift in Sources */ = {isa = PBXBuildFile; fileRef = 2CECA8331D6244CB00365570 /* NSData+Extension.swift */; };
		2CECA83B1D6252E400365570 /* CacheObject+CoreDataProperties.m in Sources */ = {isa = PBXBuildFile; fileRef = 2CECA8381D6252E400365570 /* CacheObject+CoreDataProperties.m */; };
		2CECA83C1D6252E400365570 /* CacheObject.m in Sources */ = {isa = PBXBuildFile; fileRef = 2CECA83A1D6252E400365570 /* CacheObject.m */; };
		2CECA8401D63CD5F00365570 /* MessegeView.swift in Sources */ = {isa = PBXBuildFile; fileRef = 2CECA83F1D63CD5F00365570 /* MessegeView.swift */; };
/* End PBXBuildFile section */

/* Begin PBXContainerItemProxy section */
		2C83FE231D4F7BB900DB1F86 /* PBXContainerItemProxy */ = {
			isa = PBXContainerItemProxy;
			containerPortal = 2C83FE061D4F7BB900DB1F86 /* Project object */;
			proxyType = 1;
			remoteGlobalIDString = 2C83FE0D1D4F7BB900DB1F86;
			remoteInfo = DiscountAsciiWerehouse;
		};
		2C83FE2E1D4F7BB900DB1F86 /* PBXContainerItemProxy */ = {
			isa = PBXContainerItemProxy;
			containerPortal = 2C83FE061D4F7BB900DB1F86 /* Project object */;
			proxyType = 1;
			remoteGlobalIDString = 2C83FE0D1D4F7BB900DB1F86;
			remoteInfo = DiscountAsciiWerehouse;
		};
/* End PBXContainerItemProxy section */

/* Begin PBXFileReference section */
		2C4FB0451D6B76EF00B01E8D /* Bool+Extension.swift */ = {isa = PBXFileReference; fileEncoding = 4; lastKnownFileType = sourcecode.swift; path = "Bool+Extension.swift"; sourceTree = "<group>"; };
		2C83FE0E1D4F7BB900DB1F86 /* DiscountAsciiWerehouse.app */ = {isa = PBXFileReference; explicitFileType = wrapper.application; includeInIndex = 0; path = DiscountAsciiWerehouse.app; sourceTree = BUILT_PRODUCTS_DIR; };
		2C83FE111D4F7BB900DB1F86 /* AppDelegate.swift */ = {isa = PBXFileReference; lastKnownFileType = sourcecode.swift; path = AppDelegate.swift; sourceTree = "<group>"; };
		2C83FE161D4F7BB900DB1F86 /* Base */ = {isa = PBXFileReference; lastKnownFileType = file.storyboard; name = Base; path = Base.lproj/Main.storyboard; sourceTree = "<group>"; };
		2C83FE181D4F7BB900DB1F86 /* Assets.xcassets */ = {isa = PBXFileReference; lastKnownFileType = folder.assetcatalog; path = Assets.xcassets; sourceTree = "<group>"; };
		2C83FE1B1D4F7BB900DB1F86 /* Base */ = {isa = PBXFileReference; lastKnownFileType = file.storyboard; name = Base; path = Base.lproj/LaunchScreen.storyboard; sourceTree = "<group>"; };
		2C83FE1D1D4F7BB900DB1F86 /* Info.plist */ = {isa = PBXFileReference; lastKnownFileType = text.plist.xml; path = Info.plist; sourceTree = "<group>"; };
		2C83FE221D4F7BB900DB1F86 /* DiscountAsciiWerehouseTests.xctest */ = {isa = PBXFileReference; explicitFileType = wrapper.cfbundle; includeInIndex = 0; path = DiscountAsciiWerehouseTests.xctest; sourceTree = BUILT_PRODUCTS_DIR; };
		2C83FE261D4F7BB900DB1F86 /* DiscountAsciiWerehouseTests.swift */ = {isa = PBXFileReference; lastKnownFileType = sourcecode.swift; path = DiscountAsciiWerehouseTests.swift; sourceTree = "<group>"; };
		2C83FE281D4F7BB900DB1F86 /* Info.plist */ = {isa = PBXFileReference; lastKnownFileType = text.plist.xml; path = Info.plist; sourceTree = "<group>"; };
		2C83FE2D1D4F7BB900DB1F86 /* DiscountAsciiWerehouseUITests.xctest */ = {isa = PBXFileReference; explicitFileType = wrapper.cfbundle; includeInIndex = 0; path = DiscountAsciiWerehouseUITests.xctest; sourceTree = BUILT_PRODUCTS_DIR; };
		2C83FE311D4F7BB900DB1F86 /* DiscountAsciiWerehouseUITests.swift */ = {isa = PBXFileReference; lastKnownFileType = sourcecode.swift; path = DiscountAsciiWerehouseUITests.swift; sourceTree = "<group>"; };
		2C83FE331D4F7BB900DB1F86 /* Info.plist */ = {isa = PBXFileReference; lastKnownFileType = text.plist.xml; path = Info.plist; sourceTree = "<group>"; };
		2C83FE411D4F825300DB1F86 /* ASCProductsGridViewController.swift */ = {isa = PBXFileReference; fileEncoding = 4; lastKnownFileType = sourcecode.swift; path = ASCProductsGridViewController.swift; sourceTree = "<group>"; };
		2C83FE441D4F84A400DB1F86 /* ASCProductsCollectionViewCell.swift */ = {isa = PBXFileReference; fileEncoding = 4; lastKnownFileType = sourcecode.swift; path = ASCProductsCollectionViewCell.swift; sourceTree = "<group>"; };
		2C83FE451D4F84A400DB1F86 /* ASCProductsCollectionViewCell.xib */ = {isa = PBXFileReference; fileEncoding = 4; lastKnownFileType = file.xib; path = ASCProductsCollectionViewCell.xib; sourceTree = "<group>"; };
		2C83FE4D1D4F8E0C00DB1F86 /* UIColor+Extension.swift */ = {isa = PBXFileReference; fileEncoding = 4; lastKnownFileType = sourcecode.swift; path = "UIColor+Extension.swift"; sourceTree = "<group>"; };
		2C83FE4F1D4F94D600DB1F86 /* ASCProduct.swift */ = {isa = PBXFileReference; fileEncoding = 4; lastKnownFileType = sourcecode.swift; path = ASCProduct.swift; sourceTree = "<group>"; };
		2C83FE511D4F966D00DB1F86 /* Wrappable.swift */ = {isa = PBXFileReference; fileEncoding = 4; lastKnownFileType = sourcecode.swift; path = Wrappable.swift; sourceTree = "<group>"; };
		2C83FE541D4F9EE000DB1F86 /* ASCProductsViewModel.swift */ = {isa = PBXFileReference; fileEncoding = 4; lastKnownFileType = sourcecode.swift; path = ASCProductsViewModel.swift; sourceTree = "<group>"; };
		2C83FE561D4FA27800DB1F86 /* ASCAPICommunicationModel.swift */ = {isa = PBXFileReference; fileEncoding = 4; lastKnownFileType = sourcecode.swift; path = ASCAPICommunicationModel.swift; sourceTree = "<group>"; };
		2C83FE581D50142D00DB1F86 /* Error.swift */ = {isa = PBXFileReference; fileEncoding = 4; lastKnownFileType = sourcecode.swift; path = Error.swift; sourceTree = "<group>"; };
		2C83FE5A1D510BED00DB1F86 /* NDJSONParser.swift */ = {isa = PBXFileReference; fileEncoding = 4; lastKnownFileType = sourcecode.swift; path = NDJSONParser.swift; sourceTree = "<group>"; };
		2C83FE5C1D5118E100DB1F86 /* ASCServerSettings.swift */ = {isa = PBXFileReference; fileEncoding = 4; lastKnownFileType = sourcecode.swift; path = ASCServerSettings.swift; sourceTree = "<group>"; };
		2C83FE5E1D51191D00DB1F86 /* ASCUrlBuilder.swift */ = {isa = PBXFileReference; fileEncoding = 4; lastKnownFileType = sourcecode.swift; path = ASCUrlBuilder.swift; sourceTree = "<group>"; };
		2C83FE611D522AA000DB1F86 /* ASCProductsAPI.swift */ = {isa = PBXFileReference; fileEncoding = 4; lastKnownFileType = sourcecode.swift; path = ASCProductsAPI.swift; sourceTree = "<group>"; };
		2C83FE641D52557E00DB1F86 /* ASCLoadingCollectionViewCell.swift */ = {isa = PBXFileReference; fileEncoding = 4; lastKnownFileType = sourcecode.swift; path = ASCLoadingCollectionViewCell.swift; sourceTree = "<group>"; };
		2C83FE651D52557E00DB1F86 /* ASCLoadingCollectionViewCell.xib */ = {isa = PBXFileReference; fileEncoding = 4; lastKnownFileType = file.xib; path = ASCLoadingCollectionViewCell.xib; sourceTree = "<group>"; };
		2C83FE761D5289CF00DB1F86 /* ASCProductDetailViewController.swift */ = {isa = PBXFileReference; fileEncoding = 4; lastKnownFileType = sourcecode.swift; path = ASCProductDetailViewController.swift; sourceTree = "<group>"; };
		2C83FE781D52954C00DB1F86 /* UIFont+Extension.swift */ = {isa = PBXFileReference; fileEncoding = 4; lastKnownFileType = sourcecode.swift; path = "UIFont+Extension.swift"; sourceTree = "<group>"; };
		2C83FE7C1D54C70900DB1F86 /* ASCProductsFetchingController.swift */ = {isa = PBXFileReference; fileEncoding = 4; lastKnownFileType = sourcecode.swift; path = ASCProductsFetchingController.swift; sourceTree = "<group>"; };
		2CA7C44A1D661A7C0033C58B /* CacheDescriptor.swift */ = {isa = PBXFileReference; fileEncoding = 4; lastKnownFileType = sourcecode.swift; path = CacheDescriptor.swift; sourceTree = "<group>"; };
		2CECA81A1D5CF32300365570 /* String+Extension.swift */ = {isa = PBXFileReference; fileEncoding = 4; lastKnownFileType = sourcecode.swift; path = "String+Extension.swift"; sourceTree = "<group>"; };
		2CECA8201D62298A00365570 /* CustomCache.swift */ = {isa = PBXFileReference; fileEncoding = 4; lastKnownFileType = sourcecode.swift; path = CustomCache.swift; sourceTree = "<group>"; };
		2CECA8261D62332600365570 /* CacheModel.xcdatamodel */ = {isa = PBXFileReference; lastKnownFileType = wrapper.xcdatamodel; path = CacheModel.xcdatamodel; sourceTree = "<group>"; };
		2CECA8281D62347300365570 /* CoreData.framework */ = {isa = PBXFileReference; lastKnownFileType = wrapper.framework; name = CoreData.framework; path = System/Library/Frameworks/CoreData.framework; sourceTree = SDKROOT; };
		2CECA82A1D62356200365570 /* DiscountAsciiWerehouse-Bridging-Header.h */ = {isa = PBXFileReference; lastKnownFileType = sourcecode.c.h; path = "DiscountAsciiWerehouse-Bridging-Header.h"; sourceTree = SOURCE_ROOT; };
		2CECA8331D6244CB00365570 /* NSData+Extension.swift */ = {isa = PBXFileReference; fileEncoding = 4; lastKnownFileType = sourcecode.swift; path = "NSData+Extension.swift"; sourceTree = "<group>"; };
		2CECA8371D6252E400365570 /* CacheObject+CoreDataProperties.h */ = {isa = PBXFileReference; fileEncoding = 4; lastKnownFileType = sourcecode.c.h; name = "CacheObject+CoreDataProperties.h"; path = "../CacheObject+CoreDataProperties.h"; sourceTree = "<group>"; };
		2CECA8381D6252E400365570 /* CacheObject+CoreDataProperties.m */ = {isa = PBXFileReference; fileEncoding = 4; lastKnownFileType = sourcecode.c.objc; name = "CacheObject+CoreDataProperties.m"; path = "../CacheObject+CoreDataProperties.m"; sourceTree = "<group>"; };
		2CECA8391D6252E400365570 /* CacheObject.h */ = {isa = PBXFileReference; fileEncoding = 4; lastKnownFileType = sourcecode.c.h; name = CacheObject.h; path = ../CacheObject.h; sourceTree = "<group>"; };
		2CECA83A1D6252E400365570 /* CacheObject.m */ = {isa = PBXFileReference; fileEncoding = 4; lastKnownFileType = sourcecode.c.objc; name = CacheObject.m; path = ../CacheObject.m; sourceTree = "<group>"; };
		2CECA83F1D63CD5F00365570 /* MessegeView.swift */ = {isa = PBXFileReference; fileEncoding = 4; lastKnownFileType = sourcecode.swift; path = MessegeView.swift; sourceTree = "<group>"; };
/* End PBXFileReference section */

/* Begin PBXFrameworksBuildPhase section */
		2C83FE0B1D4F7BB900DB1F86 /* Frameworks */ = {
			isa = PBXFrameworksBuildPhase;
			buildActionMask = 2147483647;
			files = (
				2CECA8291D62347300365570 /* CoreData.framework in Frameworks */,
			);
			runOnlyForDeploymentPostprocessing = 0;
		};
		2C83FE1F1D4F7BB900DB1F86 /* Frameworks */ = {
			isa = PBXFrameworksBuildPhase;
			buildActionMask = 2147483647;
			files = (
			);
			runOnlyForDeploymentPostprocessing = 0;
		};
		2C83FE2A1D4F7BB900DB1F86 /* Frameworks */ = {
			isa = PBXFrameworksBuildPhase;
			buildActionMask = 2147483647;
			files = (
			);
			runOnlyForDeploymentPostprocessing = 0;
		};
/* End PBXFrameworksBuildPhase section */

/* Begin PBXGroup section */
		2C83FE051D4F7BB900DB1F86 = {
			isa = PBXGroup;
			children = (
				2CECA8281D62347300365570 /* CoreData.framework */,
				2C83FE101D4F7BB900DB1F86 /* DiscountAsciiWerehouse */,
				2C83FE251D4F7BB900DB1F86 /* DiscountAsciiWerehouseTests */,
				2C83FE301D4F7BB900DB1F86 /* DiscountAsciiWerehouseUITests */,
				2C83FE0F1D4F7BB900DB1F86 /* Products */,
			);
			sourceTree = "<group>";
		};
		2C83FE0F1D4F7BB900DB1F86 /* Products */ = {
			isa = PBXGroup;
			children = (
				2C83FE0E1D4F7BB900DB1F86 /* DiscountAsciiWerehouse.app */,
				2C83FE221D4F7BB900DB1F86 /* DiscountAsciiWerehouseTests.xctest */,
				2C83FE2D1D4F7BB900DB1F86 /* DiscountAsciiWerehouseUITests.xctest */,
			);
			name = Products;
			sourceTree = "<group>";
		};
		2C83FE101D4F7BB900DB1F86 /* DiscountAsciiWerehouse */ = {
			isa = PBXGroup;
			children = (
				2C83FE4C1D4F8DEA00DB1F86 /* Util */,
				2C83FE601D52225100DB1F86 /* Protocol */,
				2C83FE3F1D4F7FE800DB1F86 /* Model */,
				2C83FE531D4F9E8300DB1F86 /* ViewModel */,
				2C83FE401D4F800500DB1F86 /* ViewController */,
				2CECA83E1D63CD4B00365570 /* View */,
				2C83FE111D4F7BB900DB1F86 /* AppDelegate.swift */,
				2C83FE151D4F7BB900DB1F86 /* Main.storyboard */,
				2C83FE181D4F7BB900DB1F86 /* Assets.xcassets */,
				2C83FE1A1D4F7BB900DB1F86 /* LaunchScreen.storyboard */,
				2C83FE1D1D4F7BB900DB1F86 /* Info.plist */,
				2CECA8241D6232F400365570 /* Supporting Files */,
			);
			path = DiscountAsciiWerehouse;
			sourceTree = "<group>";
		};
		2C83FE251D4F7BB900DB1F86 /* DiscountAsciiWerehouseTests */ = {
			isa = PBXGroup;
			children = (
				2C83FE261D4F7BB900DB1F86 /* DiscountAsciiWerehouseTests.swift */,
				2C83FE281D4F7BB900DB1F86 /* Info.plist */,
			);
			path = DiscountAsciiWerehouseTests;
			sourceTree = "<group>";
		};
		2C83FE301D4F7BB900DB1F86 /* DiscountAsciiWerehouseUITests */ = {
			isa = PBXGroup;
			children = (
				2C83FE311D4F7BB900DB1F86 /* DiscountAsciiWerehouseUITests.swift */,
				2C83FE331D4F7BB900DB1F86 /* Info.plist */,
			);
			path = DiscountAsciiWerehouseUITests;
			sourceTree = "<group>";
		};
		2C83FE3F1D4F7FE800DB1F86 /* Model */ = {
			isa = PBXGroup;
			children = (
				2CA7C4531D6644590033C58B /* Settings */,
				2CA7C4521D66444A0033C58B /* URLBuilder */,
				2CECA8361D6252CC00365570 /* CoreDataModel */,
				2CECA81F1D62296700365570 /* Cache */,
				2C83FE631D522AA800DB1F86 /* API */,
				2C83FE4F1D4F94D600DB1F86 /* ASCProduct.swift */,
				2CECA8331D6244CB00365570 /* NSData+Extension.swift */,
			);
			name = Model;
			sourceTree = "<group>";
		};
		2C83FE401D4F800500DB1F86 /* ViewController */ = {
			isa = PBXGroup;
			children = (
				2C83FE751D52898400DB1F86 /* ProductViewController */,
				2C83FE431D4F846F00DB1F86 /* ProductsGridCollectionViewController */,
			);
			name = ViewController;
			sourceTree = "<group>";
		};
		2C83FE431D4F846F00DB1F86 /* ProductsGridCollectionViewController */ = {
			isa = PBXGroup;
			children = (
				2C83FE411D4F825300DB1F86 /* ASCProductsGridViewController.swift */,
				2C83FE481D4F84AF00DB1F86 /* Cell */,
			);
			name = ProductsGridCollectionViewController;
			sourceTree = "<group>";
		};
		2C83FE481D4F84AF00DB1F86 /* Cell */ = {
			isa = PBXGroup;
			children = (
				2C83FE441D4F84A400DB1F86 /* ASCProductsCollectionViewCell.swift */,
				2C83FE451D4F84A400DB1F86 /* ASCProductsCollectionViewCell.xib */,
				2C83FE641D52557E00DB1F86 /* ASCLoadingCollectionViewCell.swift */,
				2C83FE651D52557E00DB1F86 /* ASCLoadingCollectionViewCell.xib */,
			);
			name = Cell;
			sourceTree = "<group>";
		};
		2C83FE4C1D4F8DEA00DB1F86 /* Util */ = {
			isa = PBXGroup;
			children = (
				2C83FE581D50142D00DB1F86 /* Error.swift */,
				2C83FE4D1D4F8E0C00DB1F86 /* UIColor+Extension.swift */,
				2C83FE5A1D510BED00DB1F86 /* NDJSONParser.swift */,
				2C83FE781D52954C00DB1F86 /* UIFont+Extension.swift */,
				2CECA81A1D5CF32300365570 /* String+Extension.swift */,
				2C4FB0451D6B76EF00B01E8D /* Bool+Extension.swift */,
			);
			name = Util;
			sourceTree = "<group>";
		};
		2C83FE531D4F9E8300DB1F86 /* ViewModel */ = {
			isa = PBXGroup;
			children = (
				2C83FE541D4F9EE000DB1F86 /* ASCProductsViewModel.swift */,
			);
			name = ViewModel;
			sourceTree = "<group>";
		};
		2C83FE601D52225100DB1F86 /* Protocol */ = {
			isa = PBXGroup;
			children = (
				2C83FE511D4F966D00DB1F86 /* Wrappable.swift */,
				2CA7C44A1D661A7C0033C58B /* CacheDescriptor.swift */,
			);
			name = Protocol;
			sourceTree = "<group>";
		};
		2C83FE631D522AA800DB1F86 /* API */ = {
			isa = PBXGroup;
			children = (
				2C83FE561D4FA27800DB1F86 /* ASCAPICommunicationModel.swift */,
				2C83FE611D522AA000DB1F86 /* ASCProductsAPI.swift */,
				2C83FE7C1D54C70900DB1F86 /* ASCProductsFetchingController.swift */,
			);
			name = API;
			sourceTree = "<group>";
		};
		2C83FE751D52898400DB1F86 /* ProductViewController */ = {
			isa = PBXGroup;
			children = (
				2C83FE761D5289CF00DB1F86 /* ASCProductDetailViewController.swift */,
			);
			name = ProductViewController;
			sourceTree = "<group>";
		};
		2CA7C4521D66444A0033C58B /* URLBuilder */ = {
			isa = PBXGroup;
			children = (
				2C83FE5E1D51191D00DB1F86 /* ASCUrlBuilder.swift */,
			);
			name = URLBuilder;
			sourceTree = "<group>";
		};
		2CA7C4531D6644590033C58B /* Settings */ = {
			isa = PBXGroup;
			children = (
				2C83FE5C1D5118E100DB1F86 /* ASCServerSettings.swift */,
			);
			name = Settings;
			sourceTree = "<group>";
		};
		2CECA81F1D62296700365570 /* Cache */ = {
			isa = PBXGroup;
			children = (
				2CECA8201D62298A00365570 /* CustomCache.swift */,
			);
			name = Cache;
			sourceTree = "<group>";
		};
		2CECA8241D6232F400365570 /* Supporting Files */ = {
			isa = PBXGroup;
			children = (
				2CECA82A1D62356200365570 /* DiscountAsciiWerehouse-Bridging-Header.h */,
				2CECA8251D62332600365570 /* CacheModel.xcdatamodeld */,
			);
			name = "Supporting Files";
			sourceTree = "<group>";
		};
		2CECA8361D6252CC00365570 /* CoreDataModel */ = {
			isa = PBXGroup;
			children = (
				2CECA8371D6252E400365570 /* CacheObject+CoreDataProperties.h */,
				2CECA8381D6252E400365570 /* CacheObject+CoreDataProperties.m */,
				2CECA8391D6252E400365570 /* CacheObject.h */,
				2CECA83A1D6252E400365570 /* CacheObject.m */,
			);
			name = CoreDataModel;
			sourceTree = "<group>";
		};
		2CECA83E1D63CD4B00365570 /* View */ = {
			isa = PBXGroup;
			children = (
				2CECA83F1D63CD5F00365570 /* MessegeView.swift */,
			);
			name = View;
			sourceTree = "<group>";
		};
/* End PBXGroup section */

/* Begin PBXNativeTarget section */
		2C83FE0D1D4F7BB900DB1F86 /* DiscountAsciiWerehouse */ = {
			isa = PBXNativeTarget;
			buildConfigurationList = 2C83FE361D4F7BB900DB1F86 /* Build configuration list for PBXNativeTarget "DiscountAsciiWerehouse" */;
			buildPhases = (
				2C83FE0A1D4F7BB900DB1F86 /* Sources */,
				2C83FE0B1D4F7BB900DB1F86 /* Frameworks */,
				2C83FE0C1D4F7BB900DB1F86 /* Resources */,
			);
			buildRules = (
			);
			dependencies = (
			);
			name = DiscountAsciiWerehouse;
			productName = DiscountAsciiWerehouse;
			productReference = 2C83FE0E1D4F7BB900DB1F86 /* DiscountAsciiWerehouse.app */;
			productType = "com.apple.product-type.application";
		};
		2C83FE211D4F7BB900DB1F86 /* DiscountAsciiWerehouseTests */ = {
			isa = PBXNativeTarget;
			buildConfigurationList = 2C83FE391D4F7BB900DB1F86 /* Build configuration list for PBXNativeTarget "DiscountAsciiWerehouseTests" */;
			buildPhases = (
				2C83FE1E1D4F7BB900DB1F86 /* Sources */,
				2C83FE1F1D4F7BB900DB1F86 /* Frameworks */,
				2C83FE201D4F7BB900DB1F86 /* Resources */,
			);
			buildRules = (
			);
			dependencies = (
				2C83FE241D4F7BB900DB1F86 /* PBXTargetDependency */,
			);
			name = DiscountAsciiWerehouseTests;
			productName = DiscountAsciiWerehouseTests;
			productReference = 2C83FE221D4F7BB900DB1F86 /* DiscountAsciiWerehouseTests.xctest */;
			productType = "com.apple.product-type.bundle.unit-test";
		};
		2C83FE2C1D4F7BB900DB1F86 /* DiscountAsciiWerehouseUITests */ = {
			isa = PBXNativeTarget;
			buildConfigurationList = 2C83FE3C1D4F7BB900DB1F86 /* Build configuration list for PBXNativeTarget "DiscountAsciiWerehouseUITests" */;
			buildPhases = (
				2C83FE291D4F7BB900DB1F86 /* Sources */,
				2C83FE2A1D4F7BB900DB1F86 /* Frameworks */,
				2C83FE2B1D4F7BB900DB1F86 /* Resources */,
			);
			buildRules = (
			);
			dependencies = (
				2C83FE2F1D4F7BB900DB1F86 /* PBXTargetDependency */,
			);
			name = DiscountAsciiWerehouseUITests;
			productName = DiscountAsciiWerehouseUITests;
			productReference = 2C83FE2D1D4F7BB900DB1F86 /* DiscountAsciiWerehouseUITests.xctest */;
			productType = "com.apple.product-type.bundle.ui-testing";
		};
/* End PBXNativeTarget section */

/* Begin PBXProject section */
		2C83FE061D4F7BB900DB1F86 /* Project object */ = {
			isa = PBXProject;
			attributes = {
				LastSwiftUpdateCheck = 0730;
				LastUpgradeCheck = 0730;
				ORGANIZATIONNAME = "Matheus Ruschel";
				TargetAttributes = {
					2C83FE0D1D4F7BB900DB1F86 = {
						CreatedOnToolsVersion = 7.3;
					};
					2C83FE211D4F7BB900DB1F86 = {
						CreatedOnToolsVersion = 7.3;
						TestTargetID = 2C83FE0D1D4F7BB900DB1F86;
					};
					2C83FE2C1D4F7BB900DB1F86 = {
						CreatedOnToolsVersion = 7.3;
						TestTargetID = 2C83FE0D1D4F7BB900DB1F86;
					};
				};
			};
			buildConfigurationList = 2C83FE091D4F7BB900DB1F86 /* Build configuration list for PBXProject "DiscountAsciiWerehouse" */;
			compatibilityVersion = "Xcode 3.2";
			developmentRegion = English;
			hasScannedForEncodings = 0;
			knownRegions = (
				en,
				Base,
			);
			mainGroup = 2C83FE051D4F7BB900DB1F86;
			productRefGroup = 2C83FE0F1D4F7BB900DB1F86 /* Products */;
			projectDirPath = "";
			projectRoot = "";
			targets = (
				2C83FE0D1D4F7BB900DB1F86 /* DiscountAsciiWerehouse */,
				2C83FE211D4F7BB900DB1F86 /* DiscountAsciiWerehouseTests */,
				2C83FE2C1D4F7BB900DB1F86 /* DiscountAsciiWerehouseUITests */,
			);
		};
/* End PBXProject section */

/* Begin PBXResourcesBuildPhase section */
		2C83FE0C1D4F7BB900DB1F86 /* Resources */ = {
			isa = PBXResourcesBuildPhase;
			buildActionMask = 2147483647;
			files = (
				2C83FE471D4F84A400DB1F86 /* ASCProductsCollectionViewCell.xib in Resources */,
				2C83FE1C1D4F7BB900DB1F86 /* LaunchScreen.storyboard in Resources */,
				2C83FE191D4F7BB900DB1F86 /* Assets.xcassets in Resources */,
				2C83FE671D52557E00DB1F86 /* ASCLoadingCollectionViewCell.xib in Resources */,
				2C83FE171D4F7BB900DB1F86 /* Main.storyboard in Resources */,
			);
			runOnlyForDeploymentPostprocessing = 0;
		};
		2C83FE201D4F7BB900DB1F86 /* Resources */ = {
			isa = PBXResourcesBuildPhase;
			buildActionMask = 2147483647;
			files = (
			);
			runOnlyForDeploymentPostprocessing = 0;
		};
		2C83FE2B1D4F7BB900DB1F86 /* Resources */ = {
			isa = PBXResourcesBuildPhase;
			buildActionMask = 2147483647;
			files = (
			);
			runOnlyForDeploymentPostprocessing = 0;
		};
/* End PBXResourcesBuildPhase section */

/* Begin PBXSourcesBuildPhase section */
		2C83FE0A1D4F7BB900DB1F86 /* Sources */ = {
			isa = PBXSourcesBuildPhase;
			buildActionMask = 2147483647;
			files = (
				2CECA8211D62298A00365570 /* CustomCache.swift in Sources */,
				2C83FE571D4FA27800DB1F86 /* ASCAPICommunicationModel.swift in Sources */,
				2C83FE5D1D5118E100DB1F86 /* ASCServerSettings.swift in Sources */,
				2CA7C44B1D661A7C0033C58B /* CacheDescriptor.swift in Sources */,
				2C83FE5F1D51191D00DB1F86 /* ASCUrlBuilder.swift in Sources */,
				2C83FE7D1D54C70900DB1F86 /* ASCProductsFetchingController.swift in Sources */,
				2CECA83C1D6252E400365570 /* CacheObject.m in Sources */,
				2CECA8341D6244CB00365570 /* NSData+Extension.swift in Sources */,
				2C83FE461D4F84A400DB1F86 /* ASCProductsCollectionViewCell.swift in Sources */,
				2C83FE421D4F825300DB1F86 /* ASCProductsGridViewController.swift in Sources */,
				2C83FE5B1D510BED00DB1F86 /* NDJSONParser.swift in Sources */,
				2C83FE121D4F7BB900DB1F86 /* AppDelegate.swift in Sources */,
				2CECA81B1D5CF32300365570 /* String+Extension.swift in Sources */,
				2C83FE621D522AA000DB1F86 /* ASCProductsAPI.swift in Sources */,
				2C83FE521D4F966D00DB1F86 /* Wrappable.swift in Sources */,
				2C83FE661D52557E00DB1F86 /* ASCLoadingCollectionViewCell.swift in Sources */,
				2C83FE4E1D4F8E0C00DB1F86 /* UIColor+Extension.swift in Sources */,
				2C4FB0461D6B76EF00B01E8D /* Bool+Extension.swift in Sources */,
				2C83FE551D4F9EE000DB1F86 /* ASCProductsViewModel.swift in Sources */,
				2CECA8271D62332600365570 /* CacheModel.xcdatamodeld in Sources */,
				2CECA8401D63CD5F00365570 /* MessegeView.swift in Sources */,
				2C83FE771D5289CF00DB1F86 /* ASCProductDetailViewController.swift in Sources */,
				2CECA83B1D6252E400365570 /* CacheObject+CoreDataProperties.m in Sources */,
				2C83FE591D50142D00DB1F86 /* Error.swift in Sources */,
				2C83FE791D52954C00DB1F86 /* UIFont+Extension.swift in Sources */,
				2C83FE501D4F94D600DB1F86 /* ASCProduct.swift in Sources */,
			);
			runOnlyForDeploymentPostprocessing = 0;
		};
		2C83FE1E1D4F7BB900DB1F86 /* Sources */ = {
			isa = PBXSourcesBuildPhase;
			buildActionMask = 2147483647;
			files = (
				2C83FE271D4F7BB900DB1F86 /* DiscountAsciiWerehouseTests.swift in Sources */,
			);
			runOnlyForDeploymentPostprocessing = 0;
		};
		2C83FE291D4F7BB900DB1F86 /* Sources */ = {
			isa = PBXSourcesBuildPhase;
			buildActionMask = 2147483647;
			files = (
				2C83FE321D4F7BB900DB1F86 /* DiscountAsciiWerehouseUITests.swift in Sources */,
			);
			runOnlyForDeploymentPostprocessing = 0;
		};
/* End PBXSourcesBuildPhase section */

/* Begin PBXTargetDependency section */
		2C83FE241D4F7BB900DB1F86 /* PBXTargetDependency */ = {
			isa = PBXTargetDependency;
			target = 2C83FE0D1D4F7BB900DB1F86 /* DiscountAsciiWerehouse */;
			targetProxy = 2C83FE231D4F7BB900DB1F86 /* PBXContainerItemProxy */;
		};
		2C83FE2F1D4F7BB900DB1F86 /* PBXTargetDependency */ = {
			isa = PBXTargetDependency;
			target = 2C83FE0D1D4F7BB900DB1F86 /* DiscountAsciiWerehouse */;
			targetProxy = 2C83FE2E1D4F7BB900DB1F86 /* PBXContainerItemProxy */;
		};
/* End PBXTargetDependency section */

/* Begin PBXVariantGroup section */
		2C83FE151D4F7BB900DB1F86 /* Main.storyboard */ = {
			isa = PBXVariantGroup;
			children = (
				2C83FE161D4F7BB900DB1F86 /* Base */,
			);
			name = Main.storyboard;
			sourceTree = "<group>";
		};
		2C83FE1A1D4F7BB900DB1F86 /* LaunchScreen.storyboard */ = {
			isa = PBXVariantGroup;
			children = (
				2C83FE1B1D4F7BB900DB1F86 /* Base */,
			);
			name = LaunchScreen.storyboard;
			sourceTree = "<group>";
		};
/* End PBXVariantGroup section */

/* Begin XCBuildConfiguration section */
		2C83FE341D4F7BB900DB1F86 /* Debug */ = {
			isa = XCBuildConfiguration;
			buildSettings = {
				ALWAYS_SEARCH_USER_PATHS = NO;
				CLANG_ANALYZER_NONNULL = YES;
				CLANG_CXX_LANGUAGE_STANDARD = "gnu++0x";
				CLANG_CXX_LIBRARY = "libc++";
				CLANG_ENABLE_MODULES = YES;
				CLANG_ENABLE_OBJC_ARC = YES;
				CLANG_WARN_BOOL_CONVERSION = YES;
				CLANG_WARN_CONSTANT_CONVERSION = YES;
				CLANG_WARN_DIRECT_OBJC_ISA_USAGE = YES_ERROR;
				CLANG_WARN_EMPTY_BODY = YES;
				CLANG_WARN_ENUM_CONVERSION = YES;
				CLANG_WARN_INT_CONVERSION = YES;
				CLANG_WARN_OBJC_ROOT_CLASS = YES_ERROR;
				CLANG_WARN_UNREACHABLE_CODE = YES;
				CLANG_WARN__DUPLICATE_METHOD_MATCH = YES;
				"CODE_SIGN_IDENTITY[sdk=iphoneos*]" = "iPhone Developer";
				COPY_PHASE_STRIP = NO;
				DEBUG_INFORMATION_FORMAT = dwarf;
				ENABLE_STRICT_OBJC_MSGSEND = YES;
				ENABLE_TESTABILITY = YES;
				GCC_C_LANGUAGE_STANDARD = gnu99;
				GCC_DYNAMIC_NO_PIC = NO;
				GCC_NO_COMMON_BLOCKS = YES;
				GCC_OPTIMIZATION_LEVEL = 0;
				GCC_PREPROCESSOR_DEFINITIONS = (
					"DEBUG=1",
					"$(inherited)",
				);
				GCC_WARN_64_TO_32_BIT_CONVERSION = YES;
				GCC_WARN_ABOUT_RETURN_TYPE = YES_ERROR;
				GCC_WARN_UNDECLARED_SELECTOR = YES;
				GCC_WARN_UNINITIALIZED_AUTOS = YES_AGGRESSIVE;
				GCC_WARN_UNUSED_FUNCTION = YES;
				GCC_WARN_UNUSED_VARIABLE = YES;
				IPHONEOS_DEPLOYMENT_TARGET = 9.3;
				MTL_ENABLE_DEBUG_INFO = YES;
				ONLY_ACTIVE_ARCH = YES;
				SDKROOT = iphoneos;
				SWIFT_OPTIMIZATION_LEVEL = "-Onone";
			};
			name = Debug;
		};
		2C83FE351D4F7BB900DB1F86 /* Release */ = {
			isa = XCBuildConfiguration;
			buildSettings = {
				ALWAYS_SEARCH_USER_PATHS = NO;
				CLANG_ANALYZER_NONNULL = YES;
				CLANG_CXX_LANGUAGE_STANDARD = "gnu++0x";
				CLANG_CXX_LIBRARY = "libc++";
				CLANG_ENABLE_MODULES = YES;
				CLANG_ENABLE_OBJC_ARC = YES;
				CLANG_WARN_BOOL_CONVERSION = YES;
				CLANG_WARN_CONSTANT_CONVERSION = YES;
				CLANG_WARN_DIRECT_OBJC_ISA_USAGE = YES_ERROR;
				CLANG_WARN_EMPTY_BODY = YES;
				CLANG_WARN_ENUM_CONVERSION = YES;
				CLANG_WARN_INT_CONVERSION = YES;
				CLANG_WARN_OBJC_ROOT_CLASS = YES_ERROR;
				CLANG_WARN_UNREACHABLE_CODE = YES;
				CLANG_WARN__DUPLICATE_METHOD_MATCH = YES;
				"CODE_SIGN_IDENTITY[sdk=iphoneos*]" = "iPhone Developer";
				COPY_PHASE_STRIP = NO;
				DEBUG_INFORMATION_FORMAT = "dwarf-with-dsym";
				ENABLE_NS_ASSERTIONS = NO;
				ENABLE_STRICT_OBJC_MSGSEND = YES;
				GCC_C_LANGUAGE_STANDARD = gnu99;
				GCC_NO_COMMON_BLOCKS = YES;
				GCC_WARN_64_TO_32_BIT_CONVERSION = YES;
				GCC_WARN_ABOUT_RETURN_TYPE = YES_ERROR;
				GCC_WARN_UNDECLARED_SELECTOR = YES;
				GCC_WARN_UNINITIALIZED_AUTOS = YES_AGGRESSIVE;
				GCC_WARN_UNUSED_FUNCTION = YES;
				GCC_WARN_UNUSED_VARIABLE = YES;
				IPHONEOS_DEPLOYMENT_TARGET = 9.3;
				MTL_ENABLE_DEBUG_INFO = NO;
				SDKROOT = iphoneos;
				VALIDATE_PRODUCT = YES;
			};
			name = Release;
		};
		2C83FE371D4F7BB900DB1F86 /* Debug */ = {
			isa = XCBuildConfiguration;
			buildSettings = {
				ASSETCATALOG_COMPILER_APPICON_NAME = AppIcon;
				CLANG_ENABLE_MODULES = YES;
				INFOPLIST_FILE = DiscountAsciiWerehouse/Info.plist;
				LD_RUNPATH_SEARCH_PATHS = "$(inherited) @executable_path/Frameworks";
				PRODUCT_BUNDLE_IDENTIFIER = com.matheus.tasks.DiscountAsciiWerehouse;
				PRODUCT_NAME = "$(TARGET_NAME)";
				SWIFT_OBJC_BRIDGING_HEADER = "DiscountAsciiWerehouse-Bridging-Header.h";
				SWIFT_OPTIMIZATION_LEVEL = "-Onone";
			};
			name = Debug;
		};
		2C83FE381D4F7BB900DB1F86 /* Release */ = {
			isa = XCBuildConfiguration;
			buildSettings = {
				ASSETCATALOG_COMPILER_APPICON_NAME = AppIcon;
				CLANG_ENABLE_MODULES = YES;
				INFOPLIST_FILE = DiscountAsciiWerehouse/Info.plist;
				LD_RUNPATH_SEARCH_PATHS = "$(inherited) @executable_path/Frameworks";
				PRODUCT_BUNDLE_IDENTIFIER = com.matheus.tasks.DiscountAsciiWerehouse;
				PRODUCT_NAME = "$(TARGET_NAME)";
				SWIFT_OBJC_BRIDGING_HEADER = "DiscountAsciiWerehouse-Bridging-Header.h";
			};
			name = Release;
		};
		2C83FE3A1D4F7BB900DB1F86 /* Debug */ = {
			isa = XCBuildConfiguration;
			buildSettings = {
				BUNDLE_LOADER = "$(TEST_HOST)";
				INFOPLIST_FILE = DiscountAsciiWerehouseTests/Info.plist;
				LD_RUNPATH_SEARCH_PATHS = "$(inherited) @executable_path/Frameworks @loader_path/Frameworks";
				PRODUCT_BUNDLE_IDENTIFIER = com.matheus.tasks.DiscountAsciiWerehouseTests;
				PRODUCT_NAME = "$(TARGET_NAME)";
				TEST_HOST = "$(BUILT_PRODUCTS_DIR)/DiscountAsciiWerehouse.app/DiscountAsciiWerehouse";
			};
			name = Debug;
		};
		2C83FE3B1D4F7BB900DB1F86 /* Release */ = {
			isa = XCBuildConfiguration;
			buildSettings = {
				BUNDLE_LOADER = "$(TEST_HOST)";
				INFOPLIST_FILE = DiscountAsciiWerehouseTests/Info.plist;
				LD_RUNPATH_SEARCH_PATHS = "$(inherited) @executable_path/Frameworks @loader_path/Frameworks";
				PRODUCT_BUNDLE_IDENTIFIER = com.matheus.tasks.DiscountAsciiWerehouseTests;
				PRODUCT_NAME = "$(TARGET_NAME)";
				TEST_HOST = "$(BUILT_PRODUCTS_DIR)/DiscountAsciiWerehouse.app/DiscountAsciiWerehouse";
			};
			name = Release;
		};
		2C83FE3D1D4F7BB900DB1F86 /* Debug */ = {
			isa = XCBuildConfiguration;
			buildSettings = {
				INFOPLIST_FILE = DiscountAsciiWerehouseUITests/Info.plist;
				LD_RUNPATH_SEARCH_PATHS = "$(inherited) @executable_path/Frameworks @loader_path/Frameworks";
				PRODUCT_BUNDLE_IDENTIFIER = com.matheus.tasks.DiscountAsciiWerehouseUITests;
				PRODUCT_NAME = "$(TARGET_NAME)";
				TEST_TARGET_NAME = DiscountAsciiWerehouse;
			};
			name = Debug;
		};
		2C83FE3E1D4F7BB900DB1F86 /* Release */ = {
			isa = XCBuildConfiguration;
			buildSettings = {
				INFOPLIST_FILE = DiscountAsciiWerehouseUITests/Info.plist;
				LD_RUNPATH_SEARCH_PATHS = "$(inherited) @executable_path/Frameworks @loader_path/Frameworks";
				PRODUCT_BUNDLE_IDENTIFIER = com.matheus.tasks.DiscountAsciiWerehouseUITests;
				PRODUCT_NAME = "$(TARGET_NAME)";
				TEST_TARGET_NAME = DiscountAsciiWerehouse;
			};
			name = Release;
		};
/* End XCBuildConfiguration section */

/* Begin XCConfigurationList section */
		2C83FE091D4F7BB900DB1F86 /* Build configuration list for PBXProject "DiscountAsciiWerehouse" */ = {
			isa = XCConfigurationList;
			buildConfigurations = (
				2C83FE341D4F7BB900DB1F86 /* Debug */,
				2C83FE351D4F7BB900DB1F86 /* Release */,
			);
			defaultConfigurationIsVisible = 0;
			defaultConfigurationName = Release;
		};
		2C83FE361D4F7BB900DB1F86 /* Build configuration list for PBXNativeTarget "DiscountAsciiWerehouse" */ = {
			isa = XCConfigurationList;
			buildConfigurations = (
				2C83FE371D4F7BB900DB1F86 /* Debug */,
				2C83FE381D4F7BB900DB1F86 /* Release */,
			);
			defaultConfigurationIsVisible = 0;
			defaultConfigurationName = Release;
		};
		2C83FE391D4F7BB900DB1F86 /* Build configuration list for PBXNativeTarget "DiscountAsciiWerehouseTests" */ = {
			isa = XCConfigurationList;
			buildConfigurations = (
				2C83FE3A1D4F7BB900DB1F86 /* Debug */,
				2C83FE3B1D4F7BB900DB1F86 /* Release */,
			);
			defaultConfigurationIsVisible = 0;
			defaultConfigurationName = Release;
		};
		2C83FE3C1D4F7BB900DB1F86 /* Build configuration list for PBXNativeTarget "DiscountAsciiWerehouseUITests" */ = {
			isa = XCConfigurationList;
			buildConfigurations = (
				2C83FE3D1D4F7BB900DB1F86 /* Debug */,
				2C83FE3E1D4F7BB900DB1F86 /* Release */,
			);
			defaultConfigurationIsVisible = 0;
			defaultConfigurationName = Release;
		};
/* End XCConfigurationList section */

/* Begin XCVersionGroup section */
		2CECA8251D62332600365570 /* CacheModel.xcdatamodeld */ = {
			isa = XCVersionGroup;
			children = (
				2CECA8261D62332600365570 /* CacheModel.xcdatamodel */,
			);
			currentVersion = 2CECA8261D62332600365570 /* CacheModel.xcdatamodel */;
			path = CacheModel.xcdatamodeld;
			sourceTree = "<group>";
			versionGroupType = wrapper.xcdatamodel;
		};
/* End XCVersionGroup section */
	};
	rootObject = 2C83FE061D4F7BB900DB1F86 /* Project object */;
}
